
Microsoft Visual Studio Solution File, Format Version 12.00
# Visual Studio 14
VisualStudioVersion = 14.0.23107.0
MinimumVisualStudioVersion = 10.0.40219.1
Project("{FAE04EC0-301F-11D3-BF4B-00C04F79EFBC}") = "Anjril.Common.Network.TestServer", "Anjril.Common.Network.TestServer\Anjril.Common.Network.TestServer.csproj", "{6CDA792B-B5E2-4C96-9AE8-A5FEE09E85BF}"
EndProject
Project("{FAE04EC0-301F-11D3-BF4B-00C04F79EFBC}") = "Anjril.Common.Network.TestClient", "Anjril.Common.Network.TestClient\Anjril.Common.Network.TestClient.csproj", "{5F6F9A1F-41DA-437C-AB18-E05960D8E384}"
EndProject
Global
	GlobalSection(SolutionConfigurationPlatforms) = preSolution
		Debug|Any CPU = Debug|Any CPU
		Release|Any CPU = Release|Any CPU
		WAN|Any CPU = WAN|Any CPU
	EndGlobalSection
	GlobalSection(ProjectConfigurationPlatforms) = postSolution
		{6CDA792B-B5E2-4C96-9AE8-A5FEE09E85BF}.Debug|Any CPU.ActiveCfg = Debug|Any CPU
		{6CDA792B-B5E2-4C96-9AE8-A5FEE09E85BF}.Debug|Any CPU.Build.0 = Debug|Any CPU
		{6CDA792B-B5E2-4C96-9AE8-A5FEE09E85BF}.Release|Any CPU.ActiveCfg = Release|Any CPU
		{6CDA792B-B5E2-4C96-9AE8-A5FEE09E85BF}.Release|Any CPU.Build.0 = Release|Any CPU
		{6CDA792B-B5E2-4C96-9AE8-A5FEE09E85BF}.WAN|Any CPU.ActiveCfg = WAN|Any CPU
		{6CDA792B-B5E2-4C96-9AE8-A5FEE09E85BF}.WAN|Any CPU.Build.0 = WAN|Any CPU
		{5F6F9A1F-41DA-437C-AB18-E05960D8E384}.Debug|Any CPU.ActiveCfg = Debug|Any CPU
		{5F6F9A1F-41DA-437C-AB18-E05960D8E384}.Debug|Any CPU.Build.0 = Debug|Any CPU
		{5F6F9A1F-41DA-437C-AB18-E05960D8E384}.Release|Any CPU.ActiveCfg = Release|Any CPU
		{5F6F9A1F-41DA-437C-AB18-E05960D8E384}.Release|Any CPU.Build.0 = Release|Any CPU
		{5F6F9A1F-41DA-437C-AB18-E05960D8E384}.WAN|Any CPU.ActiveCfg = WAN|Any CPU
		{5F6F9A1F-41DA-437C-AB18-E05960D8E384}.WAN|Any CPU.Build.0 = WAN|Any CPU
	EndGlobalSection
	GlobalSection(SolutionProperties) = preSolution
		HideSolutionNode = FALSE
	EndGlobalSection
EndGlobal
